
Microsoft Visual Studio Solution File, Format Version 12.00
# Visual Studio 15
VisualStudioVersion = 15.0.27004.2008
MinimumVisualStudioVersion = 10.0.40219.1
Project("{9A19103F-16F7-4668-BE54-9A1E7A4F7556}") = "TaskControl.Domain", "TaskControl.Domain\TaskControl.Domain.csproj", "{99F0C190-7E2B-4467-A65B-1CD97ECD0621}"
EndProject
Project("{9A19103F-16F7-4668-BE54-9A1E7A4F7556}") = "TaskControl.Domain.Tests", "TaskControl.Domain.Tests\TaskControl.Domain.Tests.csproj", "{42FD1016-61E2-410E-8F14-E43E87374333}"
EndProject
Project("{9A19103F-16F7-4668-BE54-9A1E7A4F7556}") = "TaskControl.DomainService", "TaskControl.DomainService\TaskControl.DomainService.csproj", "{31E64FC3-B53A-464A-9136-0F9FC01CC400}"
EndProject
Project("{FAE04EC0-301F-11D3-BF4B-00C04F79EFBC}") = "TaskControl.Infra.Data", "TaskControl.Infra.Data\TaskControl.Infra.Data.csproj", "{00368CB3-2470-485A-AE53-9FE1CDC0E8D2}"
EndProject
Global
	GlobalSection(SolutionConfigurationPlatforms) = preSolution
		Debug|Any CPU = Debug|Any CPU
		Release|Any CPU = Release|Any CPU
	EndGlobalSection
	GlobalSection(ProjectConfigurationPlatforms) = postSolution
		{99F0C190-7E2B-4467-A65B-1CD97ECD0621}.Debug|Any CPU.ActiveCfg = Debug|Any CPU
		{99F0C190-7E2B-4467-A65B-1CD97ECD0621}.Debug|Any CPU.Build.0 = Debug|Any CPU
		{99F0C190-7E2B-4467-A65B-1CD97ECD0621}.Release|Any CPU.ActiveCfg = Release|Any CPU
		{99F0C190-7E2B-4467-A65B-1CD97ECD0621}.Release|Any CPU.Build.0 = Release|Any CPU
		{42FD1016-61E2-410E-8F14-E43E87374333}.Debug|Any CPU.ActiveCfg = Debug|Any CPU
		{42FD1016-61E2-410E-8F14-E43E87374333}.Debug|Any CPU.Build.0 = Debug|Any CPU
		{42FD1016-61E2-410E-8F14-E43E87374333}.Release|Any CPU.ActiveCfg = Release|Any CPU
		{42FD1016-61E2-410E-8F14-E43E87374333}.Release|Any CPU.Build.0 = Release|Any CPU
		{31E64FC3-B53A-464A-9136-0F9FC01CC400}.Debug|Any CPU.ActiveCfg = Debug|Any CPU
		{31E64FC3-B53A-464A-9136-0F9FC01CC400}.Debug|Any CPU.Build.0 = Debug|Any CPU
		{31E64FC3-B53A-464A-9136-0F9FC01CC400}.Release|Any CPU.ActiveCfg = Release|Any CPU
		{31E64FC3-B53A-464A-9136-0F9FC01CC400}.Release|Any CPU.Build.0 = Release|Any CPU
		{00368CB3-2470-485A-AE53-9FE1CDC0E8D2}.Debug|Any CPU.ActiveCfg = Debug|Any CPU
		{00368CB3-2470-485A-AE53-9FE1CDC0E8D2}.Debug|Any CPU.Build.0 = Debug|Any CPU
		{00368CB3-2470-485A-AE53-9FE1CDC0E8D2}.Release|Any CPU.ActiveCfg = Release|Any CPU
		{00368CB3-2470-485A-AE53-9FE1CDC0E8D2}.Release|Any CPU.Build.0 = Release|Any CPU
	EndGlobalSection
	GlobalSection(SolutionProperties) = preSolution
		HideSolutionNode = FALSE
	EndGlobalSection
	GlobalSection(ExtensibilityGlobals) = postSolution
		SolutionGuid = {1F6A34E5-9CB3-4F05-A1C6-225ED1E3DFBD}
	EndGlobalSection
EndGlobal
